
Microsoft Visual Studio Solution File, Format Version 12.00
# Visual Studio Version 17
VisualStudioVersion = 17.0.31903.59
MinimumVisualStudioVersion = 10.0.40219.1
Project("{FAE04EC0-301F-11D3-BF4B-00C04F79EFBC}") = "PortKiller", "PortKiller.csproj", "{A7539D98-D9BF-4245-870B-AB452038D169}"
EndProject
Project("{2150E333-8FDC-42A3-9474-1A3956D46DE8}") = "tests", "tests", "{0AB3BF05-4346-4AA6-1389-037BE0695223}"
EndProject
Project("{FAE04EC0-301F-11D3-BF4B-00C04F79EFBC}") = "PortKiller.Tests", "tests\PortKiller.Tests\PortKiller.Tests.csproj", "{79835877-37CF-47A5-A7E6-7B35B716F881}"
EndProject
Project("{2150E333-8FDC-42A3-9474-1A3956D46DE8}") = "src", "src", "{827E0CD3-B72D-47B6-A68D-7590B98EB39B}"
EndProject
Project("{FAE04EC0-301F-11D3-BF4B-00C04F79EFBC}") = "PortKiller.Core", "src\PortKiller.Core\PortKiller.Core.csproj", "{B2207DA1-DC2E-4BA7-A64E-121C77D99DD7}"
EndProject
Global
	GlobalSection(SolutionConfigurationPlatforms) = preSolution
		Debug|Any CPU = Debug|Any CPU
		Debug|x64 = Debug|x64
		Debug|x86 = Debug|x86
		Release|Any CPU = Release|Any CPU
		Release|x64 = Release|x64
		Release|x86 = Release|x86
	EndGlobalSection
	GlobalSection(ProjectConfigurationPlatforms) = postSolution
		{A7539D98-D9BF-4245-870B-AB452038D169}.Debug|Any CPU.ActiveCfg = Debug|x86
		{A7539D98-D9BF-4245-870B-AB452038D169}.Debug|Any CPU.Build.0 = Debug|x86
		{A7539D98-D9BF-4245-870B-AB452038D169}.Debug|x64.ActiveCfg = Debug|x64
		{A7539D98-D9BF-4245-870B-AB452038D169}.Debug|x64.Build.0 = Debug|x64
		{A7539D98-D9BF-4245-870B-AB452038D169}.Debug|x86.ActiveCfg = Debug|x86
		{A7539D98-D9BF-4245-870B-AB452038D169}.Debug|x86.Build.0 = Debug|x86
		{A7539D98-D9BF-4245-870B-AB452038D169}.Release|Any CPU.ActiveCfg = Release|x86
		{A7539D98-D9BF-4245-870B-AB452038D169}.Release|Any CPU.Build.0 = Release|x86
		{A7539D98-D9BF-4245-870B-AB452038D169}.Release|x64.ActiveCfg = Release|x64
		{A7539D98-D9BF-4245-870B-AB452038D169}.Release|x64.Build.0 = Release|x64
		{A7539D98-D9BF-4245-870B-AB452038D169}.Release|x86.ActiveCfg = Release|x86
		{A7539D98-D9BF-4245-870B-AB452038D169}.Release|x86.Build.0 = Release|x86
		{79835877-37CF-47A5-A7E6-7B35B716F881}.Debug|Any CPU.ActiveCfg = Debug|x64
		{79835877-37CF-47A5-A7E6-7B35B716F881}.Debug|Any CPU.Build.0 = Debug|x64
		{79835877-37CF-47A5-A7E6-7B35B716F881}.Debug|x64.ActiveCfg = Debug|x64
		{79835877-37CF-47A5-A7E6-7B35B716F881}.Debug|x64.Build.0 = Debug|x64
		{79835877-37CF-47A5-A7E6-7B35B716F881}.Debug|x86.ActiveCfg = Debug|x64
		{79835877-37CF-47A5-A7E6-7B35B716F881}.Debug|x86.Build.0 = Debug|x64
		{79835877-37CF-47A5-A7E6-7B35B716F881}.Release|Any CPU.ActiveCfg = Release|x64
		{79835877-37CF-47A5-A7E6-7B35B716F881}.Release|Any CPU.Build.0 = Release|x64
		{79835877-37CF-47A5-A7E6-7B35B716F881}.Release|x64.ActiveCfg = Release|x64
		{79835877-37CF-47A5-A7E6-7B35B716F881}.Release|x64.Build.0 = Release|x64
		{79835877-37CF-47A5-A7E6-7B35B716F881}.Release|x86.ActiveCfg = Release|x64
		{79835877-37CF-47A5-A7E6-7B35B716F881}.Release|x86.Build.0 = Release|x64
		{B2207DA1-DC2E-4BA7-A64E-121C77D99DD7}.Debug|Any CPU.ActiveCfg = Debug|Any CPU
		{B2207DA1-DC2E-4BA7-A64E-121C77D99DD7}.Debug|Any CPU.Build.0 = Debug|Any CPU
		{B2207DA1-DC2E-4BA7-A64E-121C77D99DD7}.Debug|x64.ActiveCfg = Debug|Any CPU
		{B2207DA1-DC2E-4BA7-A64E-121C77D99DD7}.Debug|x64.Build.0 = Debug|Any CPU
		{B2207DA1-DC2E-4BA7-A64E-121C77D99DD7}.Debug|x86.ActiveCfg = Debug|Any CPU
		{B2207DA1-DC2E-4BA7-A64E-121C77D99DD7}.Debug|x86.Build.0 = Debug|Any CPU
		{B2207DA1-DC2E-4BA7-A64E-121C77D99DD7}.Release|Any CPU.ActiveCfg = Release|Any CPU
		{B2207DA1-DC2E-4BA7-A64E-121C77D99DD7}.Release|Any CPU.Build.0 = Release|Any CPU
		{B2207DA1-DC2E-4BA7-A64E-121C77D99DD7}.Release|x64.ActiveCfg = Release|Any CPU
		{B2207DA1-DC2E-4BA7-A64E-121C77D99DD7}.Release|x64.Build.0 = Release|Any CPU
		{B2207DA1-DC2E-4BA7-A64E-121C77D99DD7}.Release|x86.ActiveCfg = Release|Any CPU
		{B2207DA1-DC2E-4BA7-A64E-121C77D99DD7}.Release|x86.Build.0 = Release|Any CPU
	EndGlobalSection
	GlobalSection(SolutionProperties) = preSolution
		HideSolutionNode = FALSE
	EndGlobalSection
	GlobalSection(NestedProjects) = preSolution
		{79835877-37CF-47A5-A7E6-7B35B716F881} = {0AB3BF05-4346-4AA6-1389-037BE0695223}
		{B2207DA1-DC2E-4BA7-A64E-121C77D99DD7} = {827E0CD3-B72D-47B6-A68D-7590B98EB39B}
	EndGlobalSection
EndGlobal
